Microsoft Visual Studio Solution File, Format Version 12.00
# Visual Studio Version 17
VisualStudioVersion = 17.5.2.0
MinimumVisualStudioVersion = 10.0.40219.1
Project("{FAE04EC0-301F-11D3-BF4B-00C04F79EFBC}") = "IWPTradeModifier", "IWPTradeModifier.csproj", "{725D499D-ADC6-20A8-00AD-A0188C8B664D}"
EndProject
Global
	GlobalSection(SolutionConfigurationPlatforms) = preSolution
		Debug|Any CPU = Debug|Any CPU
		Release|Any CPU = Release|Any CPU
	EndGlobalSection
	GlobalSection(ProjectConfigurationPlatforms) = postSolution
		{725D499D-ADC6-20A8-00AD-A0188C8B664D}.Debug|Any CPU.ActiveCfg = Debug|Any CPU
		{725D499D-ADC6-20A8-00AD-A0188C8B664D}.Debug|Any CPU.Build.0 = Debug|Any CPU
		{725D499D-ADC6-20A8-00AD-A0188C8B664D}.Release|Any CPU.ActiveCfg = Release|Any CPU
		{725D499D-ADC6-20A8-00AD-A0188C8B664D}.Release|Any CPU.Build.0 = Release|Any CPU
	EndGlobalSection
	GlobalSection(SolutionProperties) = preSolution
		HideSolutionNode = FALSE
	EndGlobalSection
	GlobalSection(ExtensibilityGlobals) = postSolution
		SolutionGuid = {050EA8A9-B844-42B3-83DD-A66ABD7DA62E}
	EndGlobalSection
EndGlobal
